Microsoft Visual Studio Solution File, Format Version 12.00
# Visual Studio Version 17
VisualStudioVersion = 17.0.33829.131
MinimumVisualStudioVersion = 10.0.40219.1
Project("{9A19103F-16F7-4668-BE54-9A1E7A4F7556}") = "KpiSys.Web", "src/KpiSys.Web/KpiSys.Web.csproj", "{04C31717-D783-426B-ABAC-08FAAD253CA4}"
EndProject
Global
GlobalSection(SolutionConfigurationPlatforms) = preSolution
Debug|Any CPU = Debug|Any CPU
Release|Any CPU = Release|Any CPU
EndGlobalSection
GlobalSection(ProjectConfigurationPlatforms) = postSolution
{04C31717-D783-426B-ABAC-08FAAD253CA4}.Debug|Any CPU.ActiveCfg = Debug|Any CPU
{04C31717-D783-426B-ABAC-08FAAD253CA4}.Debug|Any CPU.Build.0 = Debug|Any CPU
{04C31717-D783-426B-ABAC-08FAAD253CA4}.Release|Any CPU.ActiveCfg = Release|Any CPU
{04C31717-D783-426B-ABAC-08FAAD253CA4}.Release|Any CPU.Build.0 = Release|Any CPU
EndGlobalSection
GlobalSection(SolutionProperties) = preSolution
HideSolutionNode = FALSE
EndGlobalSection
GlobalSection(ExtensibilityGlobals) = postSolution
SolutionGuid = {7AC454D9-72DF-40D3-89FC-E62A4FC9DE2C}
EndGlobalSection
EndGlobal
